
Microsoft Visual Studio Solution File, Format Version 12.00
# Visual Studio Version 17
VisualStudioVersion = 17.5.002.0
MinimumVisualStudioVersion = 10.0.40219.1
Project("{9A19103F-16F7-4668-BE54-9A1E7A4F7556}") = "Kafka.Consumer.Console", "Kafka.Consumer.Console.csproj", "{C837D25E-30E4-4745-9E2E-27CE7BFEC889}"
EndProject
Global
	GlobalSection(SolutionConfigurationPlatforms) = preSolution
		Debug|Any CPU = Debug|Any CPU
		Release|Any CPU = Release|Any CPU
	EndGlobalSection
	GlobalSection(ProjectConfigurationPlatforms) = postSolution
		{C837D25E-30E4-4745-9E2E-27CE7BFEC889}.Debug|Any CPU.ActiveCfg = Debug|Any CPU
		{C837D25E-30E4-4745-9E2E-27CE7BFEC889}.Debug|Any CPU.Build.0 = Debug|Any CPU
		{C837D25E-30E4-4745-9E2E-27CE7BFEC889}.Release|Any CPU.ActiveCfg = Release|Any CPU
		{C837D25E-30E4-4745-9E2E-27CE7BFEC889}.Release|Any CPU.Build.0 = Release|Any CPU
	EndGlobalSection
	GlobalSection(SolutionProperties) = preSolution
		HideSolutionNode = FALSE
	EndGlobalSection
	GlobalSection(ExtensibilityGlobals) = postSolution
		SolutionGuid = {CACD4D63-AFBB-43BA-9910-9312D3768B31}
	EndGlobalSection
EndGlobal
